
Microsoft Visual Studio Solution File, Format Version 12.00
# Visual Studio Version 16
VisualStudioVersion = 16.0.31727.386
MinimumVisualStudioVersion = 10.0.40219.1
Project("{FAE04EC0-301F-11D3-BF4B-00C04F79EFBC}") = "App2TareaS2KevinMalitaxi.Android", "App2TareaS2KevinMalitaxi.Android\App2TareaS2KevinMalitaxi.Android.csproj", "{E7CB171D-9963-4742-B0F2-A31967E34939}"
EndProject
Project("{FAE04EC0-301F-11D3-BF4B-00C04F79EFBC}") = "App2TareaS2KevinMalitaxi.iOS", "App2TareaS2KevinMalitaxi.iOS\App2TareaS2KevinMalitaxi.iOS.csproj", "{89D516E3-56BE-4815-A2B7-7CA159E2FE5D}"
EndProject
Project("{FAE04EC0-301F-11D3-BF4B-00C04F79EFBC}") = "App2TareaS2KevinMalitaxi", "App2TareaS2KevinMalitaxi\App2TareaS2KevinMalitaxi.csproj", "{AE8C9EBB-3118-4410-8BFC-24E6130D18BF}"
EndProject
Global
	GlobalSection(SolutionConfigurationPlatforms) = preSolution
		Debug|Any CPU = Debug|Any CPU
		Debug|iPhone = Debug|iPhone
		Debug|iPhoneSimulator = Debug|iPhoneSimulator
		Release|Any CPU = Release|Any CPU
		Release|iPhone = Release|iPhone
		Release|iPhoneSimulator = Release|iPhoneSimulator
	EndGlobalSection
	GlobalSection(ProjectConfigurationPlatforms) = postSolution
		{E7CB171D-9963-4742-B0F2-A31967E34939}.Debug|Any CPU.ActiveCfg = Debug|Any CPU
		{E7CB171D-9963-4742-B0F2-A31967E34939}.Debug|Any CPU.Build.0 = Debug|Any CPU
		{E7CB171D-9963-4742-B0F2-A31967E34939}.Debug|Any CPU.Deploy.0 = Debug|Any CPU
		{E7CB171D-9963-4742-B0F2-A31967E34939}.Debug|iPhone.ActiveCfg = Debug|Any CPU
		{E7CB171D-9963-4742-B0F2-A31967E34939}.Debug|iPhone.Build.0 = Debug|Any CPU
		{E7CB171D-9963-4742-B0F2-A31967E34939}.Debug|iPhone.Deploy.0 = Debug|Any CPU
		{E7CB171D-9963-4742-B0F2-A31967E34939}.Debug|iPhoneSimulator.ActiveCfg = Debug|Any CPU
		{E7CB171D-9963-4742-B0F2-A31967E34939}.Debug|iPhoneSimulator.Build.0 = Debug|Any CPU
		{E7CB171D-9963-4742-B0F2-A31967E34939}.Debug|iPhoneSimulator.Deploy.0 = Debug|Any CPU
		{E7CB171D-9963-4742-B0F2-A31967E34939}.Release|Any CPU.ActiveCfg = Release|Any CPU
		{E7CB171D-9963-4742-B0F2-A31967E34939}.Release|Any CPU.Build.0 = Release|Any CPU
		{E7CB171D-9963-4742-B0F2-A31967E34939}.Release|Any CPU.Deploy.0 = Release|Any CPU
		{E7CB171D-9963-4742-B0F2-A31967E34939}.Release|iPhone.ActiveCfg = Release|Any CPU
		{E7CB171D-9963-4742-B0F2-A31967E34939}.Release|iPhone.Build.0 = Release|Any CPU
		{E7CB171D-9963-4742-B0F2-A31967E34939}.Release|iPhone.Deploy.0 = Release|Any CPU
		{E7CB171D-9963-4742-B0F2-A31967E34939}.Release|iPhoneSimulator.ActiveCfg = Release|Any CPU
		{E7CB171D-9963-4742-B0F2-A31967E34939}.Release|iPhoneSimulator.Build.0 = Release|Any CPU
		{E7CB171D-9963-4742-B0F2-A31967E34939}.Release|iPhoneSimulator.Deploy.0 = Release|Any CPU
		{89D516E3-56BE-4815-A2B7-7CA159E2FE5D}.Debug|Any CPU.ActiveCfg = Debug|iPhone
		{89D516E3-56BE-4815-A2B7-7CA159E2FE5D}.Debug|Any CPU.Build.0 = Debug|iPhone
		{89D516E3-56BE-4815-A2B7-7CA159E2FE5D}.Debug|Any CPU.Deploy.0 = Debug|iPhone
		{89D516E3-56BE-4815-A2B7-7CA159E2FE5D}.Debug|iPhone.ActiveCfg = Debug|iPhone
		{89D516E3-56BE-4815-A2B7-7CA159E2FE5D}.Debug|iPhone.Build.0 = Debug|iPhone
		{89D516E3-56BE-4815-A2B7-7CA159E2FE5D}.Debug|iPhone.Deploy.0 = Debug|iPhone
		{89D516E3-56BE-4815-A2B7-7CA159E2FE5D}.Debug|iPhoneSimulator.ActiveCfg = Debug|iPhoneSimulator
		{89D516E3-56BE-4815-A2B7-7CA159E2FE5D}.Debug|iPhoneSimulator.Build.0 = Debug|iPhoneSimulator
		{89D516E3-56BE-4815-A2B7-7CA159E2FE5D}.Debug|iPhoneSimulator.Deploy.0 = Debug|iPhoneSimulator
		{89D516E3-56BE-4815-A2B7-7CA159E2FE5D}.Release|Any CPU.ActiveCfg = Release|iPhoneSimulator
		{89D516E3-56BE-4815-A2B7-7CA159E2FE5D}.Release|Any CPU.Build.0 = Release|iPhoneSimulator
		{89D516E3-56BE-4815-A2B7-7CA159E2FE5D}.Release|Any CPU.Deploy.0 = Release|iPhoneSimulator
		{89D516E3-56BE-4815-A2B7-7CA159E2FE5D}.Release|iPhone.ActiveCfg = Release|iPhone
		{89D516E3-56BE-4815-A2B7-7CA159E2FE5D}.Release|iPhone.Build.0 = Release|iPhone
		{89D516E3-56BE-4815-A2B7-7CA159E2FE5D}.Release|iPhone.Deploy.0 = Release|iPhone
		{89D516E3-56BE-4815-A2B7-7CA159E2FE5D}.Release|iPhoneSimulator.ActiveCfg = Release|iPhoneSimulator
		{89D516E3-56BE-4815-A2B7-7CA159E2FE5D}.Release|iPhoneSimulator.Build.0 = Release|iPhoneSimulator
		{89D516E3-56BE-4815-A2B7-7CA159E2FE5D}.Release|iPhoneSimulator.Deploy.0 = Release|iPhoneSimulator
		{AE8C9EBB-3118-4410-8BFC-24E6130D18BF}.Debug|Any CPU.ActiveCfg = Debug|Any CPU
		{AE8C9EBB-3118-4410-8BFC-24E6130D18BF}.Debug|Any CPU.Build.0 = Debug|Any CPU
		{AE8C9EBB-3118-4410-8BFC-24E6130D18BF}.Debug|Any CPU.Deploy.0 = Debug|Any CPU
		{AE8C9EBB-3118-4410-8BFC-24E6130D18BF}.Debug|iPhone.ActiveCfg = Debug|Any CPU
		{AE8C9EBB-3118-4410-8BFC-24E6130D18BF}.Debug|iPhone.Build.0 = Debug|Any CPU
		{AE8C9EBB-3118-4410-8BFC-24E6130D18BF}.Debug|iPhone.Deploy.0 = Debug|Any CPU
		{AE8C9EBB-3118-4410-8BFC-24E6130D18BF}.Debug|iPhoneSimulator.ActiveCfg = Debug|Any CPU
		{AE8C9EBB-3118-4410-8BFC-24E6130D18BF}.Debug|iPhoneSimulator.Build.0 = Debug|Any CPU
		{AE8C9EBB-3118-4410-8BFC-24E6130D18BF}.Debug|iPhoneSimulator.Deploy.0 = Debug|Any CPU
		{AE8C9EBB-3118-4410-8BFC-24E6130D18BF}.Release|Any CPU.ActiveCfg = Release|Any CPU
		{AE8C9EBB-3118-4410-8BFC-24E6130D18BF}.Release|Any CPU.Build.0 = Release|Any CPU
		{AE8C9EBB-3118-4410-8BFC-24E6130D18BF}.Release|Any CPU.Deploy.0 = Release|Any CPU
		{AE8C9EBB-3118-4410-8BFC-24E6130D18BF}.Release|iPhone.ActiveCfg = Release|Any CPU
		{AE8C9EBB-3118-4410-8BFC-24E6130D18BF}.Release|iPhone.Build.0 = Release|Any CPU
		{AE8C9EBB-3118-4410-8BFC-24E6130D18BF}.Release|iPhone.Deploy.0 = Release|Any CPU
		{AE8C9EBB-3118-4410-8BFC-24E6130D18BF}.Release|iPhoneSimulator.ActiveCfg = Release|Any CPU
		{AE8C9EBB-3118-4410-8BFC-24E6130D18BF}.Release|iPhoneSimulator.Build.0 = Release|Any CPU
		{AE8C9EBB-3118-4410-8BFC-24E6130D18BF}.Release|iPhoneSimulator.Deploy.0 = Release|Any CPU
	EndGlobalSection
	GlobalSection(SolutionProperties) = preSolution
		HideSolutionNode = FALSE
	EndGlobalSection
	GlobalSection(ExtensibilityGlobals) = postSolution
		SolutionGuid = {D06A207E-66D5-468A-9F64-6B9A50A4958B}
	EndGlobalSection
EndGlobal
